
Microsoft Visual Studio Solution File, Format Version 12.00
# Visual Studio Version 17
VisualStudioVersion = 17.4.33213.308
MinimumVisualStudioVersion = 10.0.40219.1
Project("{FAE04EC0-301F-11D3-BF4B-00C04F79EFBC}") = "LimpiezaProyect", "LimpiezaProyect\LimpiezaProyect.csproj", "{B5AFDE0A-8385-4099-ABED-FD0AFB6EC794}"
EndProject
Global
	GlobalSection(SolutionConfigurationPlatforms) = preSolution
		Debug|Any CPU = Debug|Any CPU
		Release|Any CPU = Release|Any CPU
	EndGlobalSection
	GlobalSection(ProjectConfigurationPlatforms) = postSolution
		{B5AFDE0A-8385-4099-ABED-FD0AFB6EC794}.Debug|Any CPU.ActiveCfg = Debug|Any CPU
		{B5AFDE0A-8385-4099-ABED-FD0AFB6EC794}.Debug|Any CPU.Build.0 = Debug|Any CPU
		{B5AFDE0A-8385-4099-ABED-FD0AFB6EC794}.Release|Any CPU.ActiveCfg = Release|Any CPU
		{B5AFDE0A-8385-4099-ABED-FD0AFB6EC794}.Release|Any CPU.Build.0 = Release|Any CPU
	EndGlobalSection
	GlobalSection(SolutionProperties) = preSolution
		HideSolutionNode = FALSE
	EndGlobalSection
	GlobalSection(ExtensibilityGlobals) = postSolution
		SolutionGuid = {BA83D55C-0C29-46F0-A07A-C29F39E1BEBA}
	EndGlobalSection
EndGlobal
